<?xml version="1.0" encoding="utf-8"?>
<Project ToolsVersion="4.0" xmlns="http://schemas.microsoft.com/developer/msbuild/2003">
  <ItemGroup>
    <Filter Include="source">
      <UniqueIdentifier>{36bd0d4f-797d-4d0c-aecb-d89eb7f55719}</UniqueIdentifier>
      <Extensions>cpp;c;cxx;def;odl;idl;hpj;bat;asm</Extensions>
    </Filter>
    <Filter Include="include">
      <UniqueIdentifier>{b2841cc4-1679-4e10-b7b8-dbd1eacb5437}</UniqueIdentifier>
      <Extensions>h;hpp;hxx;hm;inl;inc</Extensions>
    </Filter>
    <Filter Include="resource">
      <UniqueIdentifier>{d838f648-0843-45ea-b86d-9c282b03c827}</UniqueIdentifier>
      <Extensions>rc;ico;cur;bmp;dlg;rc2;rct;bin;rgs;jpg;jpeg;jpe;png;manifest</Extensions>
    </Filter>
  </ItemGroup>
  <ItemGroup>
    <Image Include="..\Resources\CloseSelected.png">
      <Filter>resource</Filter>
    </Image>
    <Image Include="..\Resources\CloseNormal.png">
      <Filter>resource</Filter>
    </Image>
    <Image Include="..\Resources\HelloWorld.png">
      <Filter>resource</Filter>
    </Image>
    <Image Include="res\HelloWord.ico">
      <Filter>resource</Filter>
    </Image>
  </ItemGroup>
  <ItemGroup>
    <ResourceCompile Include="HelloWord.rc">
      <Filter>resource</Filter>
    </ResourceCompile>
  </ItemGroup>
  <ItemGroup>
    <ClInclude Include="resource.h">
      <Filter>include</Filter>
    </ClInclude>
    <ClInclude Include="main.h">
      <Filter>include</Filter>
    </ClInclude>
    <ClInclude Include="..\Classes\AppDelegate.h">
      <Filter>include</Filter>
    </ClInclude>
    <ClInclude Include="..\Classes\HelloWorldScene.h">
      <Filter>include</Filter>
    </ClInclude>
    <ClInclude Include="GameOverScene.h">
      <Filter>include</Filter>
    </ClInclude>
    <ClInclude Include="Menu.h">
      <Filter>include</Filter>
    </ClInclude>
    <ClInclude Include="DialogLayer.h">
      <Filter>include</Filter>
    </ClInclude>
    <ClInclude Include="PauseLayer.h">
      <Filter>include</Filter>
    </ClInclude>
    <ClInclude Include="Bullet.h">
      <Filter>include</Filter>
    </ClInclude>
    <ClInclude Include="Ship.h">
      <Filter>include</Filter>
    </ClInclude>
    <ClInclude Include="Enemy.h">
      <Filter>include</Filter>
    </ClInclude>
    <ClInclude Include="Effect.h">
      <Filter>include</Filter>
    </ClInclude>
    <ClInclude Include="Config.h">
      <Filter>include</Filter>
    </ClInclude>
  </ItemGroup>
  <ItemGroup>
    <ClCompile Include="main.cpp">
      <Filter>source</Filter>
    </ClCompile>
    <ClCompile Include="..\Classes\AppDelegate.cpp">
      <Filter>source</Filter>
    </ClCompile>
    <ClCompile Include="..\Classes\HelloWorldScene.cpp">
      <Filter>source</Filter>
    </ClCompile>
    <ClCompile Include="GameOverScene.cpp">
      <Filter>source</Filter>
    </ClCompile>
    <ClCompile Include="Menu.cpp">
      <Filter>source</Filter>
    </ClCompile>
    <ClCompile Include="DialogLayer.cpp">
      <Filter>source</Filter>
    </ClCompile>
    <ClCompile Include="PauseLayer.cpp">
      <Filter>source</Filter>
    </ClCompile>
    <ClCompile Include="Bullet.cpp">
      <Filter>source</Filter>
    </ClCompile>
    <ClCompile Include="Ship.cpp">
      <Filter>source</Filter>
    </ClCompile>
    <ClCompile Include="Enemy.cpp">
      <Filter>source</Filter>
    </ClCompile>
    <ClCompile Include="Effect.cpp">
      <Filter>source</Filter>
    </ClCompile>
    <ClCompile Include="Config.cpp">
      <Filter>source</Filter>
    </ClCompile>
  </ItemGroup>
</Project>